// !$*UTF8*$!
{
	archiveVersion = 1;
	classes = {
	};
	objectVersion = 50;
	objects = {

/* Begin PBXBuildFile section */
		1D6729942555A4E4003625ED /* ForAbsoluteBeginnersApp.swift in Sources */ = {isa = PBXBuildFile; fileRef = 1D6729932555A4E4003625ED /* ForAbsoluteBeginnersApp.swift */; };
		1D6729962555A4E4003625ED /* ContentView.swift in Sources */ = {isa = PBXBuildFile; fileRef = 1D6729952555A4E4003625ED /* ContentView.swift */; };
		1D6729982555A4E7003625ED /* Assets.xcassets in Resources */ = {isa = PBXBuildFile; fileRef = 1D6729972555A4E7003625ED /* Assets.xcassets */; };
		1D67299B2555A4E7003625ED /* Preview Assets.xcassets in Resources */ = {isa = PBXBuildFile; fileRef = 1D67299A2555A4E7003625ED /* Preview Assets.xcassets */; };
		1D6729A52555A525003625ED /* PeekingInto.swift in Sources */ = {isa = PBXBuildFile; fileRef = 1D6729A42555A525003625ED /* PeekingInto.swift */; };
		1D6729AF2555A57D003625ED /* ForAbsoluteBeginnersTests.swift in Sources */ = {isa = PBXBuildFile; fileRef = 1D6729AE2555A57D003625ED /* ForAbsoluteBeginnersTests.swift */; };
		1D6729BA2555A5BD003625ED /* PeekingIntoTest.swift in Sources */ = {isa = PBXBuildFile; fileRef = 1D6729B92555A5BD003625ED /* PeekingIntoTest.swift */; };
		1D6729C02555AB4A003625ED /* PropertyWrappers.swift in Sources */ = {isa = PBXBuildFile; fileRef = 1D6729BF2555AB4A003625ED /* PropertyWrappers.swift */; };
		1D6729C42555ABDB003625ED /* User.swift in Sources */ = {isa = PBXBuildFile; fileRef = 1D6729C32555ABDB003625ED /* User.swift */; };
		1D6729C82555AC3E003625ED /* UserData.swift in Sources */ = {isa = PBXBuildFile; fileRef = 1D6729C72555AC3E003625ED /* UserData.swift */; };
		1D6729CC2555AC76003625ED /* UserDataTest.swift in Sources */ = {isa = PBXBuildFile; fileRef = 1D6729CB2555AC76003625ED /* UserDataTest.swift */; };
		1D6729D12555B589003625ED /* RenderingElements.swift in Sources */ = {isa = PBXBuildFile; fileRef = 1D6729D02555B589003625ED /* RenderingElements.swift */; };
		1D6729D62555B6DE003625ED /* ModifyingContentStyle.swift in Sources */ = {isa = PBXBuildFile; fileRef = 1D6729D52555B6DE003625ED /* ModifyingContentStyle.swift */; };
		1D6729DB2555B85F003625ED /* AddingDebugPrint.swift in Sources */ = {isa = PBXBuildFile; fileRef = 1D6729DA2555B85F003625ED /* AddingDebugPrint.swift */; };
		1D6729DF2555B8A0003625ED /* MyDebugView.swift in Sources */ = {isa = PBXBuildFile; fileRef = 1D6729DE2555B8A0003625ED /* MyDebugView.swift */; };
		1D6729E32555B99D003625ED /* AddingComments.swift in Sources */ = {isa = PBXBuildFile; fileRef = 1D6729E22555B99D003625ED /* AddingComments.swift */; };
		1D6729E82555BA76003625ED /* GridView.swift in Sources */ = {isa = PBXBuildFile; fileRef = 1D6729E72555BA76003625ED /* GridView.swift */; };
		1D6729EC2555BEB0003625ED /* AnimatedView.swift in Sources */ = {isa = PBXBuildFile; fileRef = 1D6729EB2555BEB0003625ED /* AnimatedView.swift */; };
		1D6729F02555BFEE003625ED /* MagnifyView.swift in Sources */ = {isa = PBXBuildFile; fileRef = 1D6729EF2555BFEE003625ED /* MagnifyView.swift */; };
		1D6729FB2555C3A4003625ED /* APIData.swift in Sources */ = {isa = PBXBuildFile; fileRef = 1D6729FA2555C3A4003625ED /* APIData.swift */; };
		1D6729FF2555C4BC003625ED /* APIDataView.swift in Sources */ = {isa = PBXBuildFile; fileRef = 1D6729FE2555C4BC003625ED /* APIDataView.swift */; };
		1D672A032555C543003625ED /* DataModel.swift in Sources */ = {isa = PBXBuildFile; fileRef = 1D672A022555C543003625ED /* DataModel.swift */; };
/* End PBXBuildFile section */

/* Begin PBXContainerItemProxy section */
		1D6729B12555A57D003625ED /* PBXContainerItemProxy */ = {
			isa = PBXContainerItemProxy;
			containerPortal = 1D6729882555A4E3003625ED /* Project object */;
			proxyType = 1;
			remoteGlobalIDString = 1D67298F2555A4E4003625ED;
			remoteInfo = ForAbsoluteBeginners;
		};
/* End PBXContainerItemProxy section */

/* Begin PBXFileReference section */
		1D6729902555A4E4003625ED /* ForAbsoluteBeginners.app */ = {isa = PBXFileReference; explicitFileType = wrapper.application; includeInIndex = 0; path = ForAbsoluteBeginners.app; sourceTree = BUILT_PRODUCTS_DIR; };
		1D6729932555A4E4003625ED /* ForAbsoluteBeginnersApp.swift */ = {isa = PBXFileReference; lastKnownFileType = sourcecode.swift; path = ForAbsoluteBeginnersApp.swift; sourceTree = "<group>"; };
		1D6729952555A4E4003625ED /* ContentView.swift */ = {isa = PBXFileReference; lastKnownFileType = sourcecode.swift; path = ContentView.swift; sourceTree = "<group>"; };
		1D6729972555A4E7003625ED /* Assets.xcassets */ = {isa = PBXFileReference; lastKnownFileType = folder.assetcatalog; path = Assets.xcassets; sourceTree = "<group>"; };
		1D67299A2555A4E7003625ED /* Preview Assets.xcassets */ = {isa = PBXFileReference; lastKnownFileType = folder.assetcatalog; path = "Preview Assets.xcassets"; sourceTree = "<group>"; };
		1D67299C2555A4E7003625ED /* Info.plist */ = {isa = PBXFileReference; lastKnownFileType = text.plist.xml; path = Info.plist; sourceTree = "<group>"; };
		1D6729A42555A525003625ED /* PeekingInto.swift */ = {isa = PBXFileReference; lastKnownFileType = sourcecode.swift; path = PeekingInto.swift; sourceTree = "<group>"; };
		1D6729AC2555A57D003625ED /* ForAbsoluteBeginnersTests.xctest */ = {isa = PBXFileReference; explicitFileType = wrapper.cfbundle; includeInIndex = 0; path = ForAbsoluteBeginnersTests.xctest; sourceTree = BUILT_PRODUCTS_DIR; };
		1D6729AE2555A57D003625ED /* ForAbsoluteBeginnersTests.swift */ = {isa = PBXFileReference; lastKnownFileType = sourcecode.swift; path = ForAbsoluteBeginnersTests.swift; sourceTree = "<group>"; };
		1D6729B02555A57D003625ED /* Info.plist */ = {isa = PBXFileReference; lastKnownFileType = text.plist.xml; path = Info.plist; sourceTree = "<group>"; };
		1D6729B92555A5BD003625ED /* PeekingIntoTest.swift */ = {isa = PBXFileReference; lastKnownFileType = sourcecode.swift; path = PeekingIntoTest.swift; sourceTree = "<group>"; };
		1D6729BF2555AB4A003625ED /* PropertyWrappers.swift */ = {isa = PBXFileReference; lastKnownFileType = sourcecode.swift; path = PropertyWrappers.swift; sourceTree = "<group>"; };
		1D6729C32555ABDB003625ED /* User.swift */ = {isa = PBXFileReference; lastKnownFileType = sourcecode.swift; path = User.swift; sourceTree = "<group>"; };
		1D6729C72555AC3E003625ED /* UserData.swift */ = {isa = PBXFileReference; lastKnownFileType = sourcecode.swift; path = UserData.swift; sourceTree = "<group>"; };
		1D6729CB2555AC76003625ED /* UserDataTest.swift */ = {isa = PBXFileReference; lastKnownFileType = sourcecode.swift; path = UserDataTest.swift; sourceTree = "<group>"; };
		1D6729D02555B589003625ED /* RenderingElements.swift */ = {isa = PBXFileReference; lastKnownFileType = sourcecode.swift; path = RenderingElements.swift; sourceTree = "<group>"; };
		1D6729D52555B6DE003625ED /* ModifyingContentStyle.swift */ = {isa = PBXFileReference; lastKnownFileType = sourcecode.swift; path = ModifyingContentStyle.swift; sourceTree = "<group>"; };
		1D6729DA2555B85F003625ED /* AddingDebugPrint.swift */ = {isa = PBXFileReference; lastKnownFileType = sourcecode.swift; path = AddingDebugPrint.swift; sourceTree = "<group>"; };
		1D6729DE2555B8A0003625ED /* MyDebugView.swift */ = {isa = PBXFileReference; lastKnownFileType = sourcecode.swift; path = MyDebugView.swift; sourceTree = "<group>"; };
		1D6729E22555B99D003625ED /* AddingComments.swift */ = {isa = PBXFileReference; lastKnownFileType = sourcecode.swift; path = AddingComments.swift; sourceTree = "<group>"; };
		1D6729E72555BA76003625ED /* GridView.swift */ = {isa = PBXFileReference; lastKnownFileType = sourcecode.swift; path = GridView.swift; sourceTree = "<group>"; };
		1D6729EB2555BEB0003625ED /* AnimatedView.swift */ = {isa = PBXFileReference; lastKnownFileType = sourcecode.swift; path = AnimatedView.swift; sourceTree = "<group>"; };
		1D6729EF2555BFEE003625ED /* MagnifyView.swift */ = {isa = PBXFileReference; lastKnownFileType = sourcecode.swift; path = MagnifyView.swift; sourceTree = "<group>"; };
		1D6729FA2555C3A4003625ED /* APIData.swift */ = {isa = PBXFileReference; lastKnownFileType = sourcecode.swift; path = APIData.swift; sourceTree = "<group>"; };
		1D6729FE2555C4BC003625ED /* APIDataView.swift */ = {isa = PBXFileReference; lastKnownFileType = sourcecode.swift; path = APIDataView.swift; sourceTree = "<group>"; };
		1D672A022555C543003625ED /* DataModel.swift */ = {isa = PBXFileReference; lastKnownFileType = sourcecode.swift; path = DataModel.swift; sourceTree = "<group>"; };
/* End PBXFileReference section */

/* Begin PBXFrameworksBuildPhase section */
		1D67298D2555A4E4003625ED /* Frameworks */ = {
			isa = PBXFrameworksBuildPhase;
			buildActionMask = 2147483647;
			files = (
			);
			runOnlyForDeploymentPostprocessing = 0;
		};
		1D6729A92555A57D003625ED /* Frameworks */ = {
			isa = PBXFrameworksBuildPhase;
			buildActionMask = 2147483647;
			files = (
			);
			runOnlyForDeploymentPostprocessing = 0;
		};
/* End PBXFrameworksBuildPhase section */

/* Begin PBXGroup section */
		1D6729872555A4E3003625ED = {
			isa = PBXGroup;
			children = (
				1D6729922555A4E4003625ED /* ForAbsoluteBeginners */,
				1D6729AD2555A57D003625ED /* ForAbsoluteBeginnersTests */,
				1D6729912555A4E4003625ED /* Products */,
			);
			sourceTree = "<group>";
		};
		1D6729912555A4E4003625ED /* Products */ = {
			isa = PBXGroup;
			children = (
				1D6729902555A4E4003625ED /* ForAbsoluteBeginners.app */,
				1D6729AC2555A57D003625ED /* ForAbsoluteBeginnersTests.xctest */,
			);
			name = Products;
			sourceTree = "<group>";
		};
		1D6729922555A4E4003625ED /* ForAbsoluteBeginners */ = {
			isa = PBXGroup;
			children = (
				1D6729CF2555B573003625ED /* Tips */,
				1D6729A32555A50A003625ED /* Chapters */,
				1D6729932555A4E4003625ED /* ForAbsoluteBeginnersApp.swift */,
				1D6729952555A4E4003625ED /* ContentView.swift */,
				1D6729972555A4E7003625ED /* Assets.xcassets */,
				1D67299C2555A4E7003625ED /* Info.plist */,
				1D6729992555A4E7003625ED /* Preview Content */,
			);
			path = ForAbsoluteBeginners;
			sourceTree = "<group>";
		};
		1D6729992555A4E7003625ED /* Preview Content */ = {
			isa = PBXGroup;
			children = (
				1D67299A2555A4E7003625ED /* Preview Assets.xcassets */,
			);
			path = "Preview Content";
			sourceTree = "<group>";
		};
		1D6729A32555A50A003625ED /* Chapters */ = {
			isa = PBXGroup;
			children = (
				1D6729A42555A525003625ED /* PeekingInto.swift */,
				1D6729BF2555AB4A003625ED /* PropertyWrappers.swift */,
				1D6729C32555ABDB003625ED /* User.swift */,
				1D6729C72555AC3E003625ED /* UserData.swift */,
			);
			path = Chapters;
			sourceTree = "<group>";
		};
		1D6729AD2555A57D003625ED /* ForAbsoluteBeginnersTests */ = {
			isa = PBXGroup;
			children = (
				1D6729B82555A58A003625ED /* ChaptersTests */,
				1D6729AE2555A57D003625ED /* ForAbsoluteBeginnersTests.swift */,
				1D6729B02555A57D003625ED /* Info.plist */,
			);
			path = ForAbsoluteBeginnersTests;
			sourceTree = "<group>";
		};
		1D6729B82555A58A003625ED /* ChaptersTests */ = {
			isa = PBXGroup;
			children = (
				1D6729B92555A5BD003625ED /* PeekingIntoTest.swift */,
				1D6729CB2555AC76003625ED /* UserDataTest.swift */,
			);
			path = ChaptersTests;
			sourceTree = "<group>";
		};
		1D6729CF2555B573003625ED /* Tips */ = {
			isa = PBXGroup;
			children = (
				1D6729F92555C395003625ED /* API */,
				1D6729E62555BA66003625ED /* Views */,
				1D6729D92555B844003625ED /* Debug */,
				1D6729D42555B6C6003625ED /* Styles */,
				1D6729D02555B589003625ED /* RenderingElements.swift */,
			);
			path = Tips;
			sourceTree = "<group>";
		};
		1D6729D42555B6C6003625ED /* Styles */ = {
			isa = PBXGroup;
			children = (
				1D6729D52555B6DE003625ED /* ModifyingContentStyle.swift */,
			);
			path = Styles;
			sourceTree = "<group>";
		};
		1D6729D92555B844003625ED /* Debug */ = {
			isa = PBXGroup;
			children = (
				1D6729DA2555B85F003625ED /* AddingDebugPrint.swift */,
				1D6729DE2555B8A0003625ED /* MyDebugView.swift */,
				1D6729E22555B99D003625ED /* AddingComments.swift */,
			);
			path = Debug;
			sourceTree = "<group>";
		};
		1D6729E62555BA66003625ED /* Views */ = {
			isa = PBXGroup;
			children = (
				1D6729E72555BA76003625ED /* GridView.swift */,
				1D6729EB2555BEB0003625ED /* AnimatedView.swift */,
				1D6729EF2555BFEE003625ED /* MagnifyView.swift */,
				1D6729FE2555C4BC003625ED /* APIDataView.swift */,
			);
			path = Views;
			sourceTree = "<group>";
		};
		1D6729F92555C395003625ED /* API */ = {
			isa = PBXGroup;
			children = (
				1D6729FA2555C3A4003625ED /* APIData.swift */,
				1D672A022555C543003625ED /* DataModel.swift */,
			);
			path = API;
			sourceTree = "<group>";
		};
/* End PBXGroup section */

/* Begin PBXNativeTarget section */
		1D67298F2555A4E4003625ED /* ForAbsoluteBeginners */ = {
			isa = PBXNativeTarget;
			buildConfigurationList = 1D67299F2555A4E7003625ED /* Build configuration list for PBXNativeTarget "ForAbsoluteBeginners" */;
			buildPhases = (
				1D67298C2555A4E4003625ED /* Sources */,
				1D67298D2555A4E4003625ED /* Frameworks */,
				1D67298E2555A4E4003625ED /* Resources */,
			);
			buildRules = (
			);
			dependencies = (
			);
			name = ForAbsoluteBeginners;
			productName = ForAbsoluteBeginners;
			productReference = 1D6729902555A4E4003625ED /* ForAbsoluteBeginners.app */;
			productType = "com.apple.product-type.application";
		};
		1D6729AB2555A57D003625ED /* ForAbsoluteBeginnersTests */ = {
			isa = PBXNativeTarget;
			buildConfigurationList = 1D6729B32555A57D003625ED /* Build configuration list for PBXNativeTarget "ForAbsoluteBeginnersTests" */;
			buildPhases = (
				1D6729A82555A57D003625ED /* Sources */,
				1D6729A92555A57D003625ED /* Frameworks */,
				1D6729AA2555A57D003625ED /* Resources */,
			);
			buildRules = (
			);
			dependencies = (
				1D6729B22555A57D003625ED /* PBXTargetDependency */,
			);
			name = ForAbsoluteBeginnersTests;
			productName = ForAbsoluteBeginnersTests;
			productReference = 1D6729AC2555A57D003625ED /* ForAbsoluteBeginnersTests.xctest */;
			productType = "com.apple.product-type.bundle.unit-test";
		};
/* End PBXNativeTarget section */

/* Begin PBXProject section */
		1D6729882555A4E3003625ED /* Project object */ = {
			isa = PBXProject;
			attributes = {
				LastSwiftUpdateCheck = 1210;
				LastUpgradeCheck = 1210;
				TargetAttributes = {
					1D67298F2555A4E4003625ED = {
						CreatedOnToolsVersion = 12.1;
					};
					1D6729AB2555A57D003625ED = {
						CreatedOnToolsVersion = 12.1;
						TestTargetID = 1D67298F2555A4E4003625ED;
					};
				};
			};
			buildConfigurationList = 1D67298B2555A4E3003625ED /* Build configuration list for PBXProject "ForAbsoluteBeginners" */;
			compatibilityVersion = "Xcode 9.3";
			developmentRegion = en;
			hasScannedForEncodings = 0;
			knownRegions = (
				en,
				Base,
			);
			mainGroup = 1D6729872555A4E3003625ED;
			productRefGroup = 1D6729912555A4E4003625ED /* Products */;
			projectDirPath = "";
			projectRoot = "";
			targets = (
				1D67298F2555A4E4003625ED /* ForAbsoluteBeginners */,
				1D6729AB2555A57D003625ED /* ForAbsoluteBeginnersTests */,
			);
		};
/* End PBXProject section */

/* Begin PBXResourcesBuildPhase section */
		1D67298E2555A4E4003625ED /* Resources */ = {
			isa = PBXResourcesBuildPhase;
			buildActionMask = 2147483647;
			files = (
				1D67299B2555A4E7003625ED /* Preview Assets.xcassets in Resources */,
				1D6729982555A4E7003625ED /* Assets.xcassets in Resources */,
			);
			runOnlyForDeploymentPostprocessing = 0;
		};
		1D6729AA2555A57D003625ED /* Resources */ = {
			isa = PBXResourcesBuildPhase;
			buildActionMask = 2147483647;
			files = (
			);
			runOnlyForDeploymentPostprocessing = 0;
		};
/* End PBXResourcesBuildPhase section */

/* Begin PBXSourcesBuildPhase section */
		1D67298C2555A4E4003625ED /* Sources */ = {
			isa = PBXSourcesBuildPhase;
			buildActionMask = 2147483647;
			files = (
				1D6729E32555B99D003625ED /* AddingComments.swift in Sources */,
				1D6729D62555B6DE003625ED /* ModifyingContentStyle.swift in Sources */,
				1D6729C82555AC3E003625ED /* UserData.swift in Sources */,
				1D6729FB2555C3A4003625ED /* APIData.swift in Sources */,
				1D6729EC2555BEB0003625ED /* AnimatedView.swift in Sources */,
				1D6729A52555A525003625ED /* PeekingInto.swift in Sources */,
				1D6729962555A4E4003625ED /* ContentView.swift in Sources */,
				1D6729C02555AB4A003625ED /* PropertyWrappers.swift in Sources */,
				1D6729C42555ABDB003625ED /* User.swift in Sources */,
				1D6729F02555BFEE003625ED /* MagnifyView.swift in Sources */,
				1D6729DF2555B8A0003625ED /* MyDebugView.swift in Sources */,
				1D6729FF2555C4BC003625ED /* APIDataView.swift in Sources */,
				1D6729D12555B589003625ED /* RenderingElements.swift in Sources */,
				1D6729DB2555B85F003625ED /* AddingDebugPrint.swift in Sources */,
				1D672A032555C543003625ED /* DataModel.swift in Sources */,
				1D6729E82555BA76003625ED /* GridView.swift in Sources */,
				1D6729942555A4E4003625ED /* ForAbsoluteBeginnersApp.swift in Sources */,
			);
			runOnlyForDeploymentPostprocessing = 0;
		};
		1D6729A82555A57D003625ED /* Sources */ = {
			isa = PBXSourcesBuildPhase;
			buildActionMask = 2147483647;
			files = (
				1D6729CC2555AC76003625ED /* UserDataTest.swift in Sources */,
				1D6729AF2555A57D003625ED /* ForAbsoluteBeginnersTests.swift in Sources */,
				1D6729BA2555A5BD003625ED /* PeekingIntoTest.swift in Sources */,
			);
			runOnlyForDeploymentPostprocessing = 0;
		};
/* End PBXSourcesBuildPhase section */

/* Begin PBXTargetDependency section */
		1D6729B22555A57D003625ED /* PBXTargetDependency */ = {
			isa = PBXTargetDependency;
			target = 1D67298F2555A4E4003625ED /* ForAbsoluteBeginners */;
			targetProxy = 1D6729B12555A57D003625ED /* PBXContainerItemProxy */;
		};
/* End PBXTargetDependency section */

/* Begin XCBuildConfiguration section */
		1D67299D2555A4E7003625ED /* Debug */ = {
			isa = XCBuildConfiguration;
			buildSettings = {
				ALWAYS_SEARCH_USER_PATHS = NO;
				CLANG_ANALYZER_NONNULL = YES;
				CLANG_ANALYZER_NUMBER_OBJECT_CONVERSION = YES_AGGRESSIVE;
				CLANG_CXX_LANGUAGE_STANDARD = "gnu++14";
				CLANG_CXX_LIBRARY = "libc++";
				CLANG_ENABLE_MODULES = YES;
				CLANG_ENABLE_OBJC_ARC = YES;
				CLANG_ENABLE_OBJC_WEAK = YES;
				CLANG_WARN_BLOCK_CAPTURE_AUTORELEASING = YES;
				CLANG_WARN_BOOL_CONVERSION = YES;
				CLANG_WARN_COMMA = YES;
				CLANG_WARN_CONSTANT_CONVERSION = YES;
				CLANG_WARN_DEPRECATED_OBJC_IMPLEMENTATIONS = YES;
				CLANG_WARN_DIRECT_OBJC_ISA_USAGE = YES_ERROR;
				CLANG_WARN_DOCUMENTATION_COMMENTS = YES;
				CLANG_WARN_EMPTY_BODY = YES;
				CLANG_WARN_ENUM_CONVERSION = YES;
				CLANG_WARN_INFINITE_RECURSION = YES;
				CLANG_WARN_INT_CONVERSION = YES;
				CLANG_WARN_NON_LITERAL_NULL_CONVERSION = YES;
				CLANG_WARN_OBJC_IMPLICIT_RETAIN_SELF = YES;
				CLANG_WARN_OBJC_LITERAL_CONVERSION = YES;
				CLANG_WARN_OBJC_ROOT_CLASS = YES_ERROR;
				CLANG_WARN_QUOTED_INCLUDE_IN_FRAMEWORK_HEADER = YES;
				CLANG_WARN_RANGE_LOOP_ANALYSIS = YES;
				CLANG_WARN_STRICT_PROTOTYPES = YES;
				CLANG_WARN_SUSPICIOUS_MOVE = YES;
				CLANG_WARN_UNGUARDED_AVAILABILITY = YES_AGGRESSIVE;
				CLANG_WARN_UNREACHABLE_CODE = YES;
				CLANG_WARN__DUPLICATE_METHOD_MATCH = YES;
				COPY_PHASE_STRIP = NO;
				DEBUG_INFORMATION_FORMAT = dwarf;
				ENABLE_STRICT_OBJC_MSGSEND = YES;
				ENABLE_TESTABILITY = YES;
				GCC_C_LANGUAGE_STANDARD = gnu11;
				GCC_DYNAMIC_NO_PIC = NO;
				GCC_NO_COMMON_BLOCKS = YES;
				GCC_OPTIMIZATION_LEVEL = 0;
				GCC_PREPROCESSOR_DEFINITIONS = (
					"DEBUG=1",
					"$(inherited)",
				);
				GCC_WARN_64_TO_32_BIT_CONVERSION = YES;
				GCC_WARN_ABOUT_RETURN_TYPE = YES_ERROR;
				GCC_WARN_UNDECLARED_SELECTOR = YES;
				GCC_WARN_UNINITIALIZED_AUTOS = YES_AGGRESSIVE;
				GCC_WARN_UNUSED_FUNCTION = YES;
				GCC_WARN_UNUSED_VARIABLE = YES;
				IPHONEOS_DEPLOYMENT_TARGET = 14.1;
				MTL_ENABLE_DEBUG_INFO = INCLUDE_SOURCE;
				MTL_FAST_MATH = YES;
				ONLY_ACTIVE_ARCH = YES;
				SDKROOT = iphoneos;
				SWIFT_ACTIVE_COMPILATION_CONDITIONS = DEBUG;
				SWIFT_OPTIMIZATION_LEVEL = "-Onone";
			};
			name = Debug;
		};
		1D67299E2555A4E7003625ED /* Release */ = {
			isa = XCBuildConfiguration;
			buildSettings = {
				ALWAYS_SEARCH_USER_PATHS = NO;
				CLANG_ANALYZER_NONNULL = YES;
				CLANG_ANALYZER_NUMBER_OBJECT_CONVERSION = YES_AGGRESSIVE;
				CLANG_CXX_LANGUAGE_STANDARD = "gnu++14";
				CLANG_CXX_LIBRARY = "libc++";
				CLANG_ENABLE_MODULES = YES;
				CLANG_ENABLE_OBJC_ARC = YES;
				CLANG_ENABLE_OBJC_WEAK = YES;
				CLANG_WARN_BLOCK_CAPTURE_AUTORELEASING = YES;
				CLANG_WARN_BOOL_CONVERSION = YES;
				CLANG_WARN_COMMA = YES;
				CLANG_WARN_CONSTANT_CONVERSION = YES;
				CLANG_WARN_DEPRECATED_OBJC_IMPLEMENTATIONS = YES;
				CLANG_WARN_DIRECT_OBJC_ISA_USAGE = YES_ERROR;
				CLANG_WARN_DOCUMENTATION_COMMENTS = YES;
				CLANG_WARN_EMPTY_BODY = YES;
				CLANG_WARN_ENUM_CONVERSION = YES;
				CLANG_WARN_INFINITE_RECURSION = YES;
				CLANG_WARN_INT_CONVERSION = YES;
				CLANG_WARN_NON_LITERAL_NULL_CONVERSION = YES;
				CLANG_WARN_OBJC_IMPLICIT_RETAIN_SELF = YES;
				CLANG_WARN_OBJC_LITERAL_CONVERSION = YES;
				CLANG_WARN_OBJC_ROOT_CLASS = YES_ERROR;
				CLANG_WARN_QUOTED_INCLUDE_IN_FRAMEWORK_HEADER = YES;
				CLANG_WARN_RANGE_LOOP_ANALYSIS = YES;
				CLANG_WARN_STRICT_PROTOTYPES = YES;
				CLANG_WARN_SUSPICIOUS_MOVE = YES;
				CLANG_WARN_UNGUARDED_AVAILABILITY = YES_AGGRESSIVE;
				CLANG_WARN_UNREACHABLE_CODE = YES;
				CLANG_WARN__DUPLICATE_METHOD_MATCH = YES;
				COPY_PHASE_STRIP = NO;
				DEBUG_INFORMATION_FORMAT = "dwarf-with-dsym";
				ENABLE_NS_ASSERTIONS = NO;
				ENABLE_STRICT_OBJC_MSGSEND = YES;
				GCC_C_LANGUAGE_STANDARD = gnu11;
				GCC_NO_COMMON_BLOCKS = YES;
				GCC_WARN_64_TO_32_BIT_CONVERSION = YES;
				GCC_WARN_ABOUT_RETURN_TYPE = YES_ERROR;
				GCC_WARN_UNDECLARED_SELECTOR = YES;
				GCC_WARN_UNINITIALIZED_AUTOS = YES_AGGRESSIVE;
				GCC_WARN_UNUSED_FUNCTION = YES;
				GCC_WARN_UNUSED_VARIABLE = YES;
				IPHONEOS_DEPLOYMENT_TARGET = 14.1;
				MTL_ENABLE_DEBUG_INFO = NO;
				MTL_FAST_MATH = YES;
				SDKROOT = iphoneos;
				SWIFT_COMPILATION_MODE = wholemodule;
				SWIFT_OPTIMIZATION_LEVEL = "-O";
				VALIDATE_PRODUCT = YES;
			};
			name = Release;
		};
		1D6729A02555A4E7003625ED /* Debug */ = {
			isa = XCBuildConfiguration;
			buildSettings = {
				ASSETCATALOG_COMPILER_APPICON_NAME = AppIcon;
				ASSETCATALOG_COMPILER_GLOBAL_ACCENT_COLOR_NAME = AccentColor;
				CODE_SIGN_STYLE = Automatic;
				DEVELOPMENT_ASSET_PATHS = "\"ForAbsoluteBeginners/Preview Content\"";
				ENABLE_PREVIEWS = YES;
				INFOPLIST_FILE = ForAbsoluteBeginners/Info.plist;
				IPHONEOS_DEPLOYMENT_TARGET = 14.0;
				LD_RUNPATH_SEARCH_PATHS = (
					"$(inherited)",
					"@executable_path/Frameworks",
				);
				PRODUCT_BUNDLE_IDENTIFIER = com.ri.ForAbsoluteBeginners;
				PRODUCT_NAME = "$(TARGET_NAME)";
				SWIFT_VERSION = 5.0;
				TARGETED_DEVICE_FAMILY = "1,2";
			};
			name = Debug;
		};
		1D6729A12555A4E7003625ED /* Release */ = {
			isa = XCBuildConfiguration;
			buildSettings = {
				ASSETCATALOG_COMPILER_APPICON_NAME = AppIcon;
				ASSETCATALOG_COMPILER_GLOBAL_ACCENT_COLOR_NAME = AccentColor;
				CODE_SIGN_STYLE = Automatic;
				DEVELOPMENT_ASSET_PATHS = "\"ForAbsoluteBeginners/Preview Content\"";
				ENABLE_PREVIEWS = YES;
				INFOPLIST_FILE = ForAbsoluteBeginners/Info.plist;
				IPHONEOS_DEPLOYMENT_TARGET = 14.0;
				LD_RUNPATH_SEARCH_PATHS = (
					"$(inherited)",
					"@executable_path/Frameworks",
				);
				PRODUCT_BUNDLE_IDENTIFIER = com.ri.ForAbsoluteBeginners;
				PRODUCT_NAME = "$(TARGET_NAME)";
				SWIFT_VERSION = 5.0;
				TARGETED_DEVICE_FAMILY = "1,2";
			};
			name = Release;
		};
		1D6729B42555A57D003625ED /* Debug */ = {
			isa = XCBuildConfiguration;
			buildSettings = {
				BUNDLE_LOADER = "$(TEST_HOST)";
				CODE_SIGN_STYLE = Automatic;
				INFOPLIST_FILE = ForAbsoluteBeginnersTests/Info.plist;
				LD_RUNPATH_SEARCH_PATHS = (
					"$(inherited)",
					"@executable_path/Frameworks",
					"@loader_path/Frameworks",
				);
				PRODUCT_BUNDLE_IDENTIFIER = com.ri.ForAbsoluteBeginnersTests;
				PRODUCT_NAME = "$(TARGET_NAME)";
				SWIFT_VERSION = 5.0;
				TARGETED_DEVICE_FAMILY = "1,2";
				TEST_HOST = "$(BUILT_PRODUCTS_DIR)/ForAbsoluteBeginners.app/ForAbsoluteBeginners";
			};
			name = Debug;
		};
		1D6729B52555A57D003625ED /* Release */ = {
			isa = XCBuildConfiguration;
			buildSettings = {
				BUNDLE_LOADER = "$(TEST_HOST)";
				CODE_SIGN_STYLE = Automatic;
				INFOPLIST_FILE = ForAbsoluteBeginnersTests/Info.plist;
				LD_RUNPATH_SEARCH_PATHS = (
					"$(inherited)",
					"@executable_path/Frameworks",
					"@loader_path/Frameworks",
				);
				PRODUCT_BUNDLE_IDENTIFIER = com.ri.ForAbsoluteBeginnersTests;
				PRODUCT_NAME = "$(TARGET_NAME)";
				SWIFT_VERSION = 5.0;
				TARGETED_DEVICE_FAMILY = "1,2";
				TEST_HOST = "$(BUILT_PRODUCTS_DIR)/ForAbsoluteBeginners.app/ForAbsoluteBeginners";
			};
			name = Release;
		};
/* End XCBuildConfiguration section */

/* Begin XCConfigurationList section */
		1D67298B2555A4E3003625ED /* Build configuration list for PBXProject "ForAbsoluteBeginners" */ = {
			isa = XCConfigurationList;
			buildConfigurations = (
				1D67299D2555A4E7003625ED /* Debug */,
				1D67299E2555A4E7003625ED /* Release */,
			);
			defaultConfigurationIsVisible = 0;
			defaultConfigurationName = Release;
		};
		1D67299F2555A4E7003625ED /* Build configuration list for PBXNativeTarget "ForAbsoluteBeginners" */ = {
			isa = XCConfigurationList;
			buildConfigurations = (
				1D6729A02555A4E7003625ED /* Debug */,
				1D6729A12555A4E7003625ED /* Release */,
			);
			defaultConfigurationIsVisible = 0;
			defaultConfigurationName = Release;
		};
		1D6729B32555A57D003625ED /* Build configuration list for PBXNativeTarget "ForAbsoluteBeginnersTests" */ = {
			isa = XCConfigurationList;
			buildConfigurations = (
				1D6729B42555A57D003625ED /* Debug */,
				1D6729B52555A57D003625ED /* Release */,
			);
			defaultConfigurationIsVisible = 0;
			defaultConfigurationName = Release;
		};
/* End XCConfigurationList section */
	};
	rootObject = 1D6729882555A4E3003625ED /* Project object */;
}
